
Microsoft Visual Studio Solution File, Format Version 11.00
# Visual C++ Express 2010
Project("{8BC9CEB8-8B4A-11D0-8D11-00A0C91BC942}") = "Practice", "Practice\Practice.vcxproj", "{F931A4A5-AF20-409C-A199-58F6073DA9F7}"
EndProject
Global
	GlobalSection(SolutionConfigurationPlatforms) = preSolution
		Debug|Win32 = Debug|Win32
		Release|Win32 = Release|Win32
	EndGlobalSection
	GlobalSection(ProjectConfigurationPlatforms) = postSolution
		{F931A4A5-AF20-409C-A199-58F6073DA9F7}.Debug|Win32.ActiveCfg = Debug|Win32
		{F931A4A5-AF20-409C-A199-58F6073DA9F7}.Debug|Win32.Build.0 = Debug|Win32
		{F931A4A5-AF20-409C-A199-58F6073DA9F7}.Release|Win32.ActiveCfg = Release|Win32
		{F931A4A5-AF20-409C-A199-58F6073DA9F7}.Release|Win32.Build.0 = Release|Win32
	EndGlobalSection
	GlobalSection(SolutionProperties) = preSolution
		HideSolutionNode = FALSE
	EndGlobalSection
EndGlobal
